
Microsoft Visual Studio Solution File, Format Version 12.00
# Visual Studio Version 16
VisualStudioVersion = 16.0.29230.47
MinimumVisualStudioVersion = 10.0.40219.1
Project("{8BC9CEB8-8B4A-11D0-8D11-00A0C91BC942}") = "bibl_db_cpp", ".\bibl_db_cpp\bibl_db_cpp.vcxproj", "{33A97D0E-AEA2-4C2E-A09A-A6ADDFA9D117}"
EndProject
Project("{8BC9CEB8-8B4A-11D0-8D11-00A0C91BC942}") = "bibl_db_lib", ".\bibl_db_lib\bibl_db_lib.vcxproj", "{3281C3FF-8BD4-4E26-8DC2-60EBCB6D10A4}"
EndProject
Project("{888888A0-9F3D-457C-B088-3A5042F75D52}") = "biblpy", ".\biblpy\biblpy.pyproj", "{F09E0838-C64A-4159-B690-4EE00BB4828D}"
EndProject
Global
	GlobalSection(SolutionConfigurationPlatforms) = preSolution
		Debug|Any CPU = Debug|Any CPU
		Debug|x64 = Debug|x64
		Debug|x86 = Debug|x86
		Release|Any CPU = Release|Any CPU
		Release|x64 = Release|x64
		Release|x86 = Release|x86
	EndGlobalSection
	GlobalSection(ProjectConfigurationPlatforms) = postSolution
		{33A97D0E-AEA2-4C2E-A09A-A6ADDFA9D117}.Debug|Any CPU.ActiveCfg = Debug|Win32
		{33A97D0E-AEA2-4C2E-A09A-A6ADDFA9D117}.Debug|x64.ActiveCfg = Debug|x64
		{33A97D0E-AEA2-4C2E-A09A-A6ADDFA9D117}.Debug|x64.Build.0 = Debug|x64
		{33A97D0E-AEA2-4C2E-A09A-A6ADDFA9D117}.Debug|x86.ActiveCfg = Debug|Win32
		{33A97D0E-AEA2-4C2E-A09A-A6ADDFA9D117}.Debug|x86.Build.0 = Debug|Win32
		{33A97D0E-AEA2-4C2E-A09A-A6ADDFA9D117}.Release|Any CPU.ActiveCfg = Release|Win32
		{33A97D0E-AEA2-4C2E-A09A-A6ADDFA9D117}.Release|x64.ActiveCfg = Release|x64
		{33A97D0E-AEA2-4C2E-A09A-A6ADDFA9D117}.Release|x64.Build.0 = Release|x64
		{33A97D0E-AEA2-4C2E-A09A-A6ADDFA9D117}.Release|x86.ActiveCfg = Release|Win32
		{33A97D0E-AEA2-4C2E-A09A-A6ADDFA9D117}.Release|x86.Build.0 = Release|Win32
		{3281C3FF-8BD4-4E26-8DC2-60EBCB6D10A4}.Debug|Any CPU.ActiveCfg = Debug|Win32
		{3281C3FF-8BD4-4E26-8DC2-60EBCB6D10A4}.Debug|x64.ActiveCfg = Debug|x64
		{3281C3FF-8BD4-4E26-8DC2-60EBCB6D10A4}.Debug|x64.Build.0 = Debug|x64
		{3281C3FF-8BD4-4E26-8DC2-60EBCB6D10A4}.Debug|x86.ActiveCfg = Debug|Win32
		{3281C3FF-8BD4-4E26-8DC2-60EBCB6D10A4}.Debug|x86.Build.0 = Debug|Win32
		{3281C3FF-8BD4-4E26-8DC2-60EBCB6D10A4}.Release|Any CPU.ActiveCfg = Release|Win32
		{3281C3FF-8BD4-4E26-8DC2-60EBCB6D10A4}.Release|x64.ActiveCfg = Release|x64
		{3281C3FF-8BD4-4E26-8DC2-60EBCB6D10A4}.Release|x64.Build.0 = Release|x64
		{3281C3FF-8BD4-4E26-8DC2-60EBCB6D10A4}.Release|x86.ActiveCfg = Release|Win32
		{3281C3FF-8BD4-4E26-8DC2-60EBCB6D10A4}.Release|x86.Build.0 = Release|Win32
		{F09E0838-C64A-4159-B690-4EE00BB4828D}.Debug|Any CPU.ActiveCfg = Debug|Any CPU
		{F09E0838-C64A-4159-B690-4EE00BB4828D}.Debug|x64.ActiveCfg = Debug|Any CPU
		{F09E0838-C64A-4159-B690-4EE00BB4828D}.Debug|x86.ActiveCfg = Debug|Any CPU
		{F09E0838-C64A-4159-B690-4EE00BB4828D}.Release|Any CPU.ActiveCfg = Release|Any CPU
		{F09E0838-C64A-4159-B690-4EE00BB4828D}.Release|x64.ActiveCfg = Release|Any CPU
		{F09E0838-C64A-4159-B690-4EE00BB4828D}.Release|x86.ActiveCfg = Release|Any CPU
	EndGlobalSection
	GlobalSection(SolutionProperties) = preSolution
		HideSolutionNode = FALSE
	EndGlobalSection
	GlobalSection(ExtensibilityGlobals) = postSolution
		SolutionGuid = {DC748655-2DF0-4D3E-8624-94C3E7EF6817}
	EndGlobalSection
EndGlobal
